
Microsoft Visual Studio Solution File, Format Version 12.00
# Visual Studio Version 17
VisualStudioVersion = 17.0.31903.59
MinimumVisualStudioVersion = 10.0.40219.1
Project("{2150E333-8FDC-42A3-9474-1A3956D46DE8}") = "src", "src", "{D3B2A985-A46E-4781-AE98-1D9E23AABED7}"
EndProject
Project("{9A19103F-16F7-4668-BE54-9A1E7A4F7556}") = "gateway", "src\gateway\gateway.csproj", "{56161FC7-0E71-42FA-9B5A-1C035CBD5D18}"
EndProject
Project("{E53339B2-1760-4266-BCC7-CA923CBCF16C}") = "docker-compose", "docker-compose.dcproj", "{8FF1BADC-CE23-4376-B1CF-C2A182DCCFDA}"
EndProject
Project("{9A19103F-16F7-4668-BE54-9A1E7A4F7556}") = "Spieler", "src\Spieler\Spieler.csproj", "{41C38F99-9B05-4BF3-A166-5BDC9C540C95}"
EndProject
Project("{9A19103F-16F7-4668-BE54-9A1E7A4F7556}") = "Kickern", "src\Kickern\Kickern.csproj", "{606699BE-80FE-461E-ABAE-D732DB91406C}"
EndProject
Global
	GlobalSection(SolutionConfigurationPlatforms) = preSolution
		Debug|Any CPU = Debug|Any CPU
		Release|Any CPU = Release|Any CPU
	EndGlobalSection
	GlobalSection(ProjectConfigurationPlatforms) = postSolution
		{56161FC7-0E71-42FA-9B5A-1C035CBD5D18}.Debug|Any CPU.ActiveCfg = Debug|Any CPU
		{56161FC7-0E71-42FA-9B5A-1C035CBD5D18}.Debug|Any CPU.Build.0 = Debug|Any CPU
		{56161FC7-0E71-42FA-9B5A-1C035CBD5D18}.Release|Any CPU.ActiveCfg = Release|Any CPU
		{56161FC7-0E71-42FA-9B5A-1C035CBD5D18}.Release|Any CPU.Build.0 = Release|Any CPU
		{8FF1BADC-CE23-4376-B1CF-C2A182DCCFDA}.Debug|Any CPU.ActiveCfg = Debug|Any CPU
		{8FF1BADC-CE23-4376-B1CF-C2A182DCCFDA}.Debug|Any CPU.Build.0 = Debug|Any CPU
		{8FF1BADC-CE23-4376-B1CF-C2A182DCCFDA}.Release|Any CPU.ActiveCfg = Release|Any CPU
		{8FF1BADC-CE23-4376-B1CF-C2A182DCCFDA}.Release|Any CPU.Build.0 = Release|Any CPU
		{41C38F99-9B05-4BF3-A166-5BDC9C540C95}.Debug|Any CPU.ActiveCfg = Debug|Any CPU
		{41C38F99-9B05-4BF3-A166-5BDC9C540C95}.Debug|Any CPU.Build.0 = Debug|Any CPU
		{41C38F99-9B05-4BF3-A166-5BDC9C540C95}.Release|Any CPU.ActiveCfg = Release|Any CPU
		{41C38F99-9B05-4BF3-A166-5BDC9C540C95}.Release|Any CPU.Build.0 = Release|Any CPU
		{606699BE-80FE-461E-ABAE-D732DB91406C}.Debug|Any CPU.ActiveCfg = Debug|Any CPU
		{606699BE-80FE-461E-ABAE-D732DB91406C}.Debug|Any CPU.Build.0 = Debug|Any CPU
		{606699BE-80FE-461E-ABAE-D732DB91406C}.Release|Any CPU.ActiveCfg = Release|Any CPU
		{606699BE-80FE-461E-ABAE-D732DB91406C}.Release|Any CPU.Build.0 = Release|Any CPU
	EndGlobalSection
	GlobalSection(SolutionProperties) = preSolution
		HideSolutionNode = FALSE
	EndGlobalSection
	GlobalSection(NestedProjects) = preSolution
		{56161FC7-0E71-42FA-9B5A-1C035CBD5D18} = {D3B2A985-A46E-4781-AE98-1D9E23AABED7}
		{41C38F99-9B05-4BF3-A166-5BDC9C540C95} = {D3B2A985-A46E-4781-AE98-1D9E23AABED7}
		{606699BE-80FE-461E-ABAE-D732DB91406C} = {D3B2A985-A46E-4781-AE98-1D9E23AABED7}
	EndGlobalSection
	GlobalSection(ExtensibilityGlobals) = postSolution
		SolutionGuid = {EB49A432-09D1-4A9F-98FA-A100BF41E982}
	EndGlobalSection
EndGlobal
